// !$*UTF8*$!
{
	archiveVersion = 1;
	classes = {
	};
	objectVersion = 46;
	objects = {

/* Begin PBXBuildFile section */
		983835D31B1750B000AB615A /* AppDelegate.swift in Sources */ = {isa = PBXBuildFile; fileRef = 983835D21B1750B000AB615A /* AppDelegate.swift */; };
		983835D51B1750B000AB615A /* PsychologistViewController.swift in Sources */ = {isa = PBXBuildFile; fileRef = 983835D41B1750B000AB615A /* PsychologistViewController.swift */; };
		983835D81B1750B000AB615A /* Main.storyboard in Resources */ = {isa = PBXBuildFile; fileRef = 983835D61B1750B000AB615A /* Main.storyboard */; };
		983835DA1B1750B000AB615A /* Images.xcassets in Resources */ = {isa = PBXBuildFile; fileRef = 983835D91B1750B000AB615A /* Images.xcassets */; };
		983835DD1B1750B000AB615A /* LaunchScreen.xib in Resources */ = {isa = PBXBuildFile; fileRef = 983835DB1B1750B000AB615A /* LaunchScreen.xib */; };
		983835E91B1750B000AB615A /* PsychologistTests.swift in Sources */ = {isa = PBXBuildFile; fileRef = 983835E81B1750B000AB615A /* PsychologistTests.swift */; };
		983835F41B17555600AB615A /* happinessViewController.swift in Sources */ = {isa = PBXBuildFile; fileRef = 983835F21B17555600AB615A /* happinessViewController.swift */; };
		983835F51B17555600AB615A /* FaceView.swift in Sources */ = {isa = PBXBuildFile; fileRef = 983835F31B17555600AB615A /* FaceView.swift */; };
		983835F71B176B2F00AB615A /* TextViewController.swift in Sources */ = {isa = PBXBuildFile; fileRef = 983835F61B176B2F00AB615A /* TextViewController.swift */; };
		988B75A31B176D71001B24EF /* DiagnosticHappinessController.swift in Sources */ = {isa = PBXBuildFile; fileRef = 988B75A21B176D71001B24EF /* DiagnosticHappinessController.swift */; };
/* End PBXBuildFile section */

/* Begin PBXContainerItemProxy section */
		983835E31B1750B000AB615A /* PBXContainerItemProxy */ = {
			isa = PBXContainerItemProxy;
			containerPortal = 983835C51B1750B000AB615A /* Project object */;
			proxyType = 1;
			remoteGlobalIDString = 983835CC1B1750B000AB615A;
			remoteInfo = Psychologist;
		};
/* End PBXContainerItemProxy section */

/* Begin PBXFileReference section */
		983835CD1B1750B000AB615A /* Psychologist.app */ = {isa = PBXFileReference; explicitFileType = wrapper.application; includeInIndex = 0; path = Psychologist.app; sourceTree = BUILT_PRODUCTS_DIR; };
		983835D11B1750B000AB615A /* Info.plist */ = {isa = PBXFileReference; lastKnownFileType = text.plist.xml; path = Info.plist; sourceTree = "<group>"; };
		983835D21B1750B000AB615A /* AppDelegate.swift */ = {isa = PBXFileReference; lastKnownFileType = sourcecode.swift; path = AppDelegate.swift; sourceTree = "<group>"; };
		983835D41B1750B000AB615A /* PsychologistViewController.swift */ = {isa = PBXFileReference; lastKnownFileType = sourcecode.swift; path = PsychologistViewController.swift; sourceTree = "<group>"; };
		983835D71B1750B000AB615A /* Base */ = {isa = PBXFileReference; lastKnownFileType = file.storyboard; name = Base; path = Base.lproj/Main.storyboard; sourceTree = "<group>"; };
		983835D91B1750B000AB615A /* Images.xcassets */ = {isa = PBXFileReference; lastKnownFileType = folder.assetcatalog; path = Images.xcassets; sourceTree = "<group>"; };
		983835DC1B1750B000AB615A /* Base */ = {isa = PBXFileReference; lastKnownFileType = file.xib; name = Base; path = Base.lproj/LaunchScreen.xib; sourceTree = "<group>"; };
		983835E21B1750B000AB615A /* PsychologistTests.xctest */ = {isa = PBXFileReference; explicitFileType = wrapper.cfbundle; includeInIndex = 0; path = PsychologistTests.xctest; sourceTree = BUILT_PRODUCTS_DIR; };
		983835E71B1750B000AB615A /* Info.plist */ = {isa = PBXFileReference; lastKnownFileType = text.plist.xml; path = Info.plist; sourceTree = "<group>"; };
		983835E81B1750B000AB615A /* PsychologistTests.swift */ = {isa = PBXFileReference; lastKnownFileType = sourcecode.swift; path = PsychologistTests.swift; sourceTree = "<group>"; };
		983835F21B17555600AB615A /* happinessViewController.swift */ = {isa = PBXFileReference; fileEncoding = 4; lastKnownFileType = sourcecode.swift; path = happinessViewController.swift; sourceTree = "<group>"; };
		983835F31B17555600AB615A /* FaceView.swift */ = {isa = PBXFileReference; fileEncoding = 4; lastKnownFileType = sourcecode.swift; path = FaceView.swift; sourceTree = "<group>"; };
		983835F61B176B2F00AB615A /* TextViewController.swift */ = {isa = PBXFileReference; fileEncoding = 4; lastKnownFileType = sourcecode.swift; path = TextViewController.swift; sourceTree = "<group>"; };
		988B75A21B176D71001B24EF /* DiagnosticHappinessController.swift */ = {isa = PBXFileReference; fileEncoding = 4; lastKnownFileType = sourcecode.swift; path = DiagnosticHappinessController.swift; sourceTree = "<group>"; };
/* End PBXFileReference section */

/* Begin PBXFrameworksBuildPhase section */
		983835CA1B1750B000AB615A /* Frameworks */ = {
			isa = PBXFrameworksBuildPhase;
			buildActionMask = 2147483647;
			files = (
			);
			runOnlyForDeploymentPostprocessing = 0;
		};
		983835DF1B1750B000AB615A /* Frameworks */ = {
			isa = PBXFrameworksBuildPhase;
			buildActionMask = 2147483647;
			files = (
			);
			runOnlyForDeploymentPostprocessing = 0;
		};
/* End PBXFrameworksBuildPhase section */

/* Begin PBXGroup section */
		983835C41B1750B000AB615A = {
			isa = PBXGroup;
			children = (
				983835CF1B1750B000AB615A /* Psychologist */,
				983835E51B1750B000AB615A /* PsychologistTests */,
				983835CE1B1750B000AB615A /* Products */,
			);
			sourceTree = "<group>";
		};
		983835CE1B1750B000AB615A /* Products */ = {
			isa = PBXGroup;
			children = (
				983835CD1B1750B000AB615A /* Psychologist.app */,
				983835E21B1750B000AB615A /* PsychologistTests.xctest */,
			);
			name = Products;
			sourceTree = "<group>";
		};
		983835CF1B1750B000AB615A /* Psychologist */ = {
			isa = PBXGroup;
			children = (
				983835F21B17555600AB615A /* happinessViewController.swift */,
				983835F31B17555600AB615A /* FaceView.swift */,
				983835D41B1750B000AB615A /* PsychologistViewController.swift */,
				983835F61B176B2F00AB615A /* TextViewController.swift */,
				983835D61B1750B000AB615A /* Main.storyboard */,
				988B75A21B176D71001B24EF /* DiagnosticHappinessController.swift */,
				983835D01B1750B000AB615A /* Supporting Files */,
			);
			path = Psychologist;
			sourceTree = "<group>";
		};
		983835D01B1750B000AB615A /* Supporting Files */ = {
			isa = PBXGroup;
			children = (
				983835D21B1750B000AB615A /* AppDelegate.swift */,
				983835DB1B1750B000AB615A /* LaunchScreen.xib */,
				983835D91B1750B000AB615A /* Images.xcassets */,
				983835D11B1750B000AB615A /* Info.plist */,
			);
			name = "Supporting Files";
			sourceTree = "<group>";
		};
		983835E51B1750B000AB615A /* PsychologistTests */ = {
			isa = PBXGroup;
			children = (
				983835E81B1750B000AB615A /* PsychologistTests.swift */,
				983835E61B1750B000AB615A /* Supporting Files */,
			);
			path = PsychologistTests;
			sourceTree = "<group>";
		};
		983835E61B1750B000AB615A /* Supporting Files */ = {
			isa = PBXGroup;
			children = (
				983835E71B1750B000AB615A /* Info.plist */,
			);
			name = "Supporting Files";
			sourceTree = "<group>";
		};
/* End PBXGroup section */

/* Begin PBXNativeTarget section */
		983835CC1B1750B000AB615A /* Psychologist */ = {
			isa = PBXNativeTarget;
			buildConfigurationList = 983835EC1B1750B000AB615A /* Build configuration list for PBXNativeTarget "Psychologist" */;
			buildPhases = (
				983835C91B1750B000AB615A /* Sources */,
				983835CA1B1750B000AB615A /* Frameworks */,
				983835CB1B1750B000AB615A /* Resources */,
			);
			buildRules = (
			);
			dependencies = (
			);
			name = Psychologist;
			productName = Psychologist;
			productReference = 983835CD1B1750B000AB615A /* Psychologist.app */;
			productType = "com.apple.product-type.application";
		};
		983835E11B1750B000AB615A /* PsychologistTests */ = {
			isa = PBXNativeTarget;
			buildConfigurationList = 983835EF1B1750B000AB615A /* Build configuration list for PBXNativeTarget "PsychologistTests" */;
			buildPhases = (
				983835DE1B1750B000AB615A /* Sources */,
				983835DF1B1750B000AB615A /* Frameworks */,
				983835E01B1750B000AB615A /* Resources */,
			);
			buildRules = (
			);
			dependencies = (
				983835E41B1750B000AB615A /* PBXTargetDependency */,
			);
			name = PsychologistTests;
			productName = PsychologistTests;
			productReference = 983835E21B1750B000AB615A /* PsychologistTests.xctest */;
			productType = "com.apple.product-type.bundle.unit-test";
		};
/* End PBXNativeTarget section */

/* Begin PBXProject section */
		983835C51B1750B000AB615A /* Project object */ = {
			isa = PBXProject;
			attributes = {
				LastUpgradeCheck = 0610;
				ORGANIZATIONNAME = "___kesong___";
				TargetAttributes = {
					983835CC1B1750B000AB615A = {
						CreatedOnToolsVersion = 6.1.1;
					};
					983835E11B1750B000AB615A = {
						CreatedOnToolsVersion = 6.1.1;
						TestTargetID = 983835CC1B1750B000AB615A;
					};
				};
			};
			buildConfigurationList = 983835C81B1750B000AB615A /* Build configuration list for PBXProject "Psychologist" */;
			compatibilityVersion = "Xcode 3.2";
			developmentRegion = English;
			hasScannedForEncodings = 0;
			knownRegions = (
				en,
				Base,
			);
			mainGroup = 983835C41B1750B000AB615A;
			productRefGroup = 983835CE1B1750B000AB615A /* Products */;
			projectDirPath = "";
			projectRoot = "";
			targets = (
				983835CC1B1750B000AB615A /* Psychologist */,
				983835E11B1750B000AB615A /* PsychologistTests */,
			);
		};
/* End PBXProject section */

/* Begin PBXResourcesBuildPhase section */
		983835CB1B1750B000AB615A /* Resources */ = {
			isa = PBXResourcesBuildPhase;
			buildActionMask = 2147483647;
			files = (
				983835D81B1750B000AB615A /* Main.storyboard in Resources */,
				983835DD1B1750B000AB615A /* LaunchScreen.xib in Resources */,
				983835DA1B1750B000AB615A /* Images.xcassets in Resources */,
			);
			runOnlyForDeploymentPostprocessing = 0;
		};
		983835E01B1750B000AB615A /* Resources */ = {
			isa = PBXResourcesBuildPhase;
			buildActionMask = 2147483647;
			files = (
			);
			runOnlyForDeploymentPostprocessing = 0;
		};
/* End PBXResourcesBuildPhase section */

/* Begin PBXSourcesBuildPhase section */
		983835C91B1750B000AB615A /* Sources */ = {
			isa = PBXSourcesBuildPhase;
			buildActionMask = 2147483647;
			files = (
				983835F71B176B2F00AB615A /* TextViewController.swift in Sources */,
				983835F41B17555600AB615A /* happinessViewController.swift in Sources */,
				983835D51B1750B000AB615A /* PsychologistViewController.swift in Sources */,
				983835D31B1750B000AB615A /* AppDelegate.swift in Sources */,
				988B75A31B176D71001B24EF /* DiagnosticHappinessController.swift in Sources */,
				983835F51B17555600AB615A /* FaceView.swift in Sources */,
			);
			runOnlyForDeploymentPostprocessing = 0;
		};
		983835DE1B1750B000AB615A /* Sources */ = {
			isa = PBXSourcesBuildPhase;
			buildActionMask = 2147483647;
			files = (
				983835E91B1750B000AB615A /* PsychologistTests.swift in Sources */,
			);
			runOnlyForDeploymentPostprocessing = 0;
		};
/* End PBXSourcesBuildPhase section */

/* Begin PBXTargetDependency section */
		983835E41B1750B000AB615A /* PBXTargetDependency */ = {
			isa = PBXTargetDependency;
			target = 983835CC1B1750B000AB615A /* Psychologist */;
			targetProxy = 983835E31B1750B000AB615A /* PBXContainerItemProxy */;
		};
/* End PBXTargetDependency section */

/* Begin PBXVariantGroup section */
		983835D61B1750B000AB615A /* Main.storyboard */ = {
			isa = PBXVariantGroup;
			children = (
				983835D71B1750B000AB615A /* Base */,
			);
			name = Main.storyboard;
			sourceTree = "<group>";
		};
		983835DB1B1750B000AB615A /* LaunchScreen.xib */ = {
			isa = PBXVariantGroup;
			children = (
				983835DC1B1750B000AB615A /* Base */,
			);
			name = LaunchScreen.xib;
			sourceTree = "<group>";
		};
/* End PBXVariantGroup section */

/* Begin XCBuildConfiguration section */
		983835EA1B1750B000AB615A /* Debug */ = {
			isa = XCBuildConfiguration;
			buildSettings = {
				ALWAYS_SEARCH_USER_PATHS = NO;
				CLANG_CXX_LANGUAGE_STANDARD = "gnu++0x";
				CLANG_CXX_LIBRARY = "libc++";
				CLANG_ENABLE_MODULES = YES;
				CLANG_ENABLE_OBJC_ARC = YES;
				CLANG_WARN_BOOL_CONVERSION = YES;
				CLANG_WARN_CONSTANT_CONVERSION = YES;
				CLANG_WARN_DIRECT_OBJC_ISA_USAGE = YES_ERROR;
				CLANG_WARN_EMPTY_BODY = YES;
				CLANG_WARN_ENUM_CONVERSION = YES;
				CLANG_WARN_INT_CONVERSION = YES;
				CLANG_WARN_OBJC_ROOT_CLASS = YES_ERROR;
				CLANG_WARN_UNREACHABLE_CODE = YES;
				CLANG_WARN__DUPLICATE_METHOD_MATCH = YES;
				"CODE_SIGN_IDENTITY[sdk=iphoneos*]" = "iPhone Developer";
				COPY_PHASE_STRIP = NO;
				ENABLE_STRICT_OBJC_MSGSEND = YES;
				GCC_C_LANGUAGE_STANDARD = gnu99;
				GCC_DYNAMIC_NO_PIC = NO;
				GCC_OPTIMIZATION_LEVEL = 0;
				GCC_PREPROCESSOR_DEFINITIONS = (
					"DEBUG=1",
					"$(inherited)",
				);
				GCC_SYMBOLS_PRIVATE_EXTERN = NO;
				GCC_WARN_64_TO_32_BIT_CONVERSION = YES;
				GCC_WARN_ABOUT_RETURN_TYPE = YES_ERROR;
				GCC_WARN_UNDECLARED_SELECTOR = YES;
				GCC_WARN_UNINITIALIZED_AUTOS = YES_AGGRESSIVE;
				GCC_WARN_UNUSED_FUNCTION = YES;
				GCC_WARN_UNUSED_VARIABLE = YES;
				IPHONEOS_DEPLOYMENT_TARGET = 8.1;
				MTL_ENABLE_DEBUG_INFO = YES;
				ONLY_ACTIVE_ARCH = YES;
				SDKROOT = iphoneos;
				SWIFT_OPTIMIZATION_LEVEL = "-Onone";
				TARGETED_DEVICE_FAMILY = "1,2";
			};
			name = Debug;
		};
		983835EB1B1750B000AB615A /* Release */ = {
			isa = XCBuildConfiguration;
			buildSettings = {
				ALWAYS_SEARCH_USER_PATHS = NO;
				CLANG_CXX_LANGUAGE_STANDARD = "gnu++0x";
				CLANG_CXX_LIBRARY = "libc++";
				CLANG_ENABLE_MODULES = YES;
				CLANG_ENABLE_OBJC_ARC = YES;
				CLANG_WARN_BOOL_CONVERSION = YES;
				CLANG_WARN_CONSTANT_CONVERSION = YES;
				CLANG_WARN_DIRECT_OBJC_ISA_USAGE = YES_ERROR;
				CLANG_WARN_EMPTY_BODY = YES;
				CLANG_WARN_ENUM_CONVERSION = YES;
				CLANG_WARN_INT_CONVERSION = YES;
				CLANG_WARN_OBJC_ROOT_CLASS = YES_ERROR;
				CLANG_WARN_UNREACHABLE_CODE = YES;
				CLANG_WARN__DUPLICATE_METHOD_MATCH = YES;
				"CODE_SIGN_IDENTITY[sdk=iphoneos*]" = "iPhone Developer";
				COPY_PHASE_STRIP = YES;
				ENABLE_NS_ASSERTIONS = NO;
				ENABLE_STRICT_OBJC_MSGSEND = YES;
				GCC_C_LANGUAGE_STANDARD = gnu99;
				GCC_WARN_64_TO_32_BIT_CONVERSION = YES;
				GCC_WARN_ABOUT_RETURN_TYPE = YES_ERROR;
				GCC_WARN_UNDECLARED_SELECTOR = YES;
				GCC_WARN_UNINITIALIZED_AUTOS = YES_AGGRESSIVE;
				GCC_WARN_UNUSED_FUNCTION = YES;
				GCC_WARN_UNUSED_VARIABLE = YES;
				IPHONEOS_DEPLOYMENT_TARGET = 8.1;
				MTL_ENABLE_DEBUG_INFO = NO;
				SDKROOT = iphoneos;
				TARGETED_DEVICE_FAMILY = "1,2";
				VALIDATE_PRODUCT = YES;
			};
			name = Release;
		};
		983835ED1B1750B000AB615A /* Debug */ = {
			isa = XCBuildConfiguration;
			buildSettings = {
				ASSETCATALOG_COMPILER_APPICON_NAME = AppIcon;
				INFOPLIST_FILE = Psychologist/Info.plist;
				LD_RUNPATH_SEARCH_PATHS = "$(inherited) @executable_path/Frameworks";
				PRODUCT_NAME = "$(TARGET_NAME)";
			};
			name = Debug;
		};
		983835EE1B1750B000AB615A /* Release */ = {
			isa = XCBuildConfiguration;
			buildSettings = {
				ASSETCATALOG_COMPILER_APPICON_NAME = AppIcon;
				INFOPLIST_FILE = Psychologist/Info.plist;
				LD_RUNPATH_SEARCH_PATHS = "$(inherited) @executable_path/Frameworks";
				PRODUCT_NAME = "$(TARGET_NAME)";
			};
			name = Release;
		};
		983835F01B1750B000AB615A /* Debug */ = {
			isa = XCBuildConfiguration;
			buildSettings = {
				BUNDLE_LOADER = "$(TEST_HOST)";
				FRAMEWORK_SEARCH_PATHS = (
					"$(SDKROOT)/Developer/Library/Frameworks",
					"$(inherited)",
				);
				GCC_PREPROCESSOR_DEFINITIONS = (
					"DEBUG=1",
					"$(inherited)",
				);
				INFOPLIST_FILE = PsychologistTests/Info.plist;
				LD_RUNPATH_SEARCH_PATHS = "$(inherited) @executable_path/Frameworks @loader_path/Frameworks";
				PRODUCT_NAME = "$(TARGET_NAME)";
				TEST_HOST = "$(BUILT_PRODUCTS_DIR)/Psychologist.app/Psychologist";
			};
			name = Debug;
		};
		983835F11B1750B000AB615A /* Release */ = {
			isa = XCBuildConfiguration;
			buildSettings = {
				BUNDLE_LOADER = "$(TEST_HOST)";
				FRAMEWORK_SEARCH_PATHS = (
					"$(SDKROOT)/Developer/Library/Frameworks",
					"$(inherited)",
				);
				INFOPLIST_FILE = PsychologistTests/Info.plist;
				LD_RUNPATH_SEARCH_PATHS = "$(inherited) @executable_path/Frameworks @loader_path/Frameworks";
				PRODUCT_NAME = "$(TARGET_NAME)";
				TEST_HOST = "$(BUILT_PRODUCTS_DIR)/Psychologist.app/Psychologist";
			};
			name = Release;
		};
/* End XCBuildConfiguration section */

/* Begin XCConfigurationList section */
		983835C81B1750B000AB615A /* Build configuration list for PBXProject "Psychologist" */ = {
			isa = XCConfigurationList;
			buildConfigurations = (
				983835EA1B1750B000AB615A /* Debug */,
				983835EB1B1750B000AB615A /* Release */,
			);
			defaultConfigurationIsVisible = 0;
			defaultConfigurationName = Release;
		};
		983835EC1B1750B000AB615A /* Build configuration list for PBXNativeTarget "Psychologist" */ = {
			isa = XCConfigurationList;
			buildConfigurations = (
				983835ED1B1750B000AB615A /* Debug */,
				983835EE1B1750B000AB615A /* Release */,
			);
			defaultConfigurationIsVisible = 0;
			defaultConfigurationName = Release;
		};
		983835EF1B1750B000AB615A /* Build configuration list for PBXNativeTarget "PsychologistTests" */ = {
			isa = XCConfigurationList;
			buildConfigurations = (
				983835F01B1750B000AB615A /* Debug */,
				983835F11B1750B000AB615A /* Release */,
			);
			defaultConfigurationIsVisible = 0;
			defaultConfigurationName = Release;
		};
/* End XCConfigurationList section */
	};
	rootObject = 983835C51B1750B000AB615A /* Project object */;
}
